
Microsoft Visual Studio Solution File, Format Version 12.00
# Visual Studio Version 17
VisualStudioVersion = 17.6.33829.357
MinimumVisualStudioVersion = 10.0.40219.1
Project("{FAE04EC0-301F-11D3-BF4B-00C04F79EFBC}") = "Biblioteca_uts", "Biblioteca_uts\Biblioteca_uts.csproj", "{20FF70A9-B101-4E36-BE9C-FEB3730DB7C8}"
EndProject
Global
	GlobalSection(SolutionConfigurationPlatforms) = preSolution
		Debug|Any CPU = Debug|Any CPU
		Release|Any CPU = Release|Any CPU
	EndGlobalSection
	GlobalSection(ProjectConfigurationPlatforms) = postSolution
		{20FF70A9-B101-4E36-BE9C-FEB3730DB7C8}.Debug|Any CPU.ActiveCfg = Debug|Any CPU
		{20FF70A9-B101-4E36-BE9C-FEB3730DB7C8}.Debug|Any CPU.Build.0 = Debug|Any CPU
		{20FF70A9-B101-4E36-BE9C-FEB3730DB7C8}.Release|Any CPU.ActiveCfg = Release|Any CPU
		{20FF70A9-B101-4E36-BE9C-FEB3730DB7C8}.Release|Any CPU.Build.0 = Release|Any CPU
	EndGlobalSection
	GlobalSection(SolutionProperties) = preSolution
		HideSolutionNode = FALSE
	EndGlobalSection
	GlobalSection(ExtensibilityGlobals) = postSolution
		SolutionGuid = {5BA42AF0-E272-4C34-BF45-661CD0C9CD92}
	EndGlobalSection
EndGlobal
